
Microsoft Visual Studio Solution File, Format Version 12.00
# Visual Studio Version 17
VisualStudioVersion = 17.11.35303.130
MinimumVisualStudioVersion = 10.0.40219.1
Project("{FAE04EC0-301F-11D3-BF4B-00C04F79EFBC}") = "Sobes", "Sobes\Sobes.csproj", "{7CD95053-3EC2-4BA0-B6DD-82B7F24C04C3}"
EndProject
Global
	GlobalSection(SolutionConfigurationPlatforms) = preSolution
		Debug|Any CPU = Debug|Any CPU
		Release|Any CPU = Release|Any CPU
	EndGlobalSection
	GlobalSection(ProjectConfigurationPlatforms) = postSolution
		{7CD95053-3EC2-4BA0-B6DD-82B7F24C04C3}.Debug|Any CPU.ActiveCfg = Debug|Any CPU
		{7CD95053-3EC2-4BA0-B6DD-82B7F24C04C3}.Debug|Any CPU.Build.0 = Debug|Any CPU
		{7CD95053-3EC2-4BA0-B6DD-82B7F24C04C3}.Release|Any CPU.ActiveCfg = Release|Any CPU
		{7CD95053-3EC2-4BA0-B6DD-82B7F24C04C3}.Release|Any CPU.Build.0 = Release|Any CPU
	EndGlobalSection
	GlobalSection(SolutionProperties) = preSolution
		HideSolutionNode = FALSE
	EndGlobalSection
	GlobalSection(ExtensibilityGlobals) = postSolution
		SolutionGuid = {49E0FC7C-7513-4041-A560-6B9A44ACE139}
	EndGlobalSection
EndGlobal
